
Microsoft Visual Studio Solution File, Format Version 12.00
# Visual Studio Version 17
VisualStudioVersion = 17.5.002.0
MinimumVisualStudioVersion = 10.0.40219.1
Project("{9A19103F-16F7-4668-BE54-9A1E7A4F7556}") = "SurveyProject", "SurveyProject.csproj", "{E791CFF2-CF9F-42BF-AE54-D358CD81EDBE}"
EndProject
Global
	GlobalSection(SolutionConfigurationPlatforms) = preSolution
		Debug|Any CPU = Debug|Any CPU
		Release|Any CPU = Release|Any CPU
	EndGlobalSection
	GlobalSection(ProjectConfigurationPlatforms) = postSolution
		{E791CFF2-CF9F-42BF-AE54-D358CD81EDBE}.Debug|Any CPU.ActiveCfg = Debug|Any CPU
		{E791CFF2-CF9F-42BF-AE54-D358CD81EDBE}.Debug|Any CPU.Build.0 = Debug|Any CPU
		{E791CFF2-CF9F-42BF-AE54-D358CD81EDBE}.Release|Any CPU.ActiveCfg = Release|Any CPU
		{E791CFF2-CF9F-42BF-AE54-D358CD81EDBE}.Release|Any CPU.Build.0 = Release|Any CPU
	EndGlobalSection
	GlobalSection(SolutionProperties) = preSolution
		HideSolutionNode = FALSE
	EndGlobalSection
	GlobalSection(ExtensibilityGlobals) = postSolution
		SolutionGuid = {61F01B04-2D2A-4B2A-B214-45EE86123EC4}
	EndGlobalSection
EndGlobal
